github.com/golang/protobuf v1.5.4 h1:i7eJL8qZTpSEXOPTxNKhASYpMn+8e5Q6AdndVa1dWek=
github.com/golang/protobuf v1.5.4/go.mod h1:lnTiLA8Wa4RWRcIUkrtSVa5nRhsEGBg48fD6rSs7xps=
github.com/sashabaranov/go-openai v1.20.5 h1:Sab4nzBLtoyxm4jRqH9G9pkIh50WpBFacPTEpruPB6o=
github.com/sashabaranov/go-openai v1.20.5/go.mod h1:lj5b/K+zjTSFxVLijLSTDZuP7adOgerWeFyZLUhAKRg=
